Microsoft Visual Studio Solution File, Format Version 12.00
# 17
VisualStudioVersion = 17.11.35327.3
MinimumVisualStudioVersion = 10.0.40219.1
Project("{FAE04EC0-301F-11D3-BF4B-00C04F79EFBC}") = "ScoreboardPlusPlus", "ScoreboardPlusPlus\ScoreboardPlusPlus.csproj", "{B8241BAB-0337-40B0-A4F0-835F8FB84309}"
EndProject
Global
	GlobalSection(SolutionConfigurationPlatforms) = preSolution
		Debug|Any CPU = Debug|Any CPU
		Release|Any CPU = Release|Any CPU
	EndGlobalSection
	GlobalSection(ProjectConfigurationPlatforms) = postSolution
		{B8241BAB-0337-40B0-A4F0-835F8FB84309}.Debug|Any CPU.ActiveCfg = Debug|Any CPU
		{B8241BAB-0337-40B0-A4F0-835F8FB84309}.Debug|Any CPU.Build.0 = Debug|Any CPU
		{B8241BAB-0337-40B0-A4F0-835F8FB84309}.Release|Any CPU.ActiveCfg = Release|Any CPU
		{B8241BAB-0337-40B0-A4F0-835F8FB84309}.Release|Any CPU.Build.0 = Release|Any CPU
	EndGlobalSection
	GlobalSection(SolutionProperties) = preSolution
		HideSolutionNode = FALSE
	EndGlobalSection
	GlobalSection(ExtensibilityGlobals) = postSolution
		SolutionGuid = {B56AB8A6-8688-4A53-903B-6064DC4B729D}
	EndGlobalSection
EndGlobal
